
Microsoft Visual Studio Solution File, Format Version 12.00
Project("{FAE04EC0-301F-11D3-BF4B-00C04F79EFBC}") = "ProfileService", "ProfileService.csproj", "{C01DF620-AF55-46F8-AAE9-2922C6061115}"
EndProject
Project("{FAE04EC0-301F-11D3-BF4B-00C04F79EFBC}") = "Tests", "..\Tests\Tests.csproj", "{BE1FD751-D23B-431B-ABA7-7BD5B85C8B76}"
EndProject
Global
	GlobalSection(SolutionConfigurationPlatforms) = preSolution
		Debug|Any CPU = Debug|Any CPU
		Release|Any CPU = Release|Any CPU
	EndGlobalSection
	GlobalSection(ProjectConfigurationPlatforms) = postSolution
		{C01DF620-AF55-46F8-AAE9-2922C6061115}.Debug|Any CPU.ActiveCfg = Debug|Any CPU
		{C01DF620-AF55-46F8-AAE9-2922C6061115}.Debug|Any CPU.Build.0 = Debug|Any CPU
		{C01DF620-AF55-46F8-AAE9-2922C6061115}.Release|Any CPU.ActiveCfg = Release|Any CPU
		{C01DF620-AF55-46F8-AAE9-2922C6061115}.Release|Any CPU.Build.0 = Release|Any CPU
		{BE1FD751-D23B-431B-ABA7-7BD5B85C8B76}.Debug|Any CPU.ActiveCfg = Debug|Any CPU
		{BE1FD751-D23B-431B-ABA7-7BD5B85C8B76}.Debug|Any CPU.Build.0 = Debug|Any CPU
		{BE1FD751-D23B-431B-ABA7-7BD5B85C8B76}.Release|Any CPU.ActiveCfg = Release|Any CPU
		{BE1FD751-D23B-431B-ABA7-7BD5B85C8B76}.Release|Any CPU.Build.0 = Release|Any CPU
	EndGlobalSection
EndGlobal
